
Microsoft Visual Studio Solution File, Format Version 12.00
# Visual Studio Version 17
VisualStudioVersion = 17.3.32519.111
MinimumVisualStudioVersion = 10.0.40219.1
Project("{9A19103F-16F7-4668-BE54-9A1E7A4F7556}") = "UnicodeStyle", "UnicodeStyle\UnicodeStyle\UnicodeStyle.csproj", "{4BC5EF50-13FC-4C4C-950F-CD74B8EEA650}"
EndProject
Project("{9A19103F-16F7-4668-BE54-9A1E7A4F7556}") = "UnicodeStyle.Example", "UnicodeStyle\UnicodeStyle.Example\UnicodeStyle.Example.csproj", "{E0425284-898C-4A90-B83F-3ED452520577}"
EndProject
Project("{9A19103F-16F7-4668-BE54-9A1E7A4F7556}") = "UnicodeStyle.Tests", "UnicodeStyle\UnicodeStyle.Tests\UnicodeStyle.Tests.csproj", "{D2A1A6E2-E599-4DAB-B92B-8BF417216DD2}"
EndProject
Global
	GlobalSection(SolutionConfigurationPlatforms) = preSolution
		Debug|Any CPU = Debug|Any CPU
		Release|Any CPU = Release|Any CPU
	EndGlobalSection
	GlobalSection(ProjectConfigurationPlatforms) = postSolution
		{4BC5EF50-13FC-4C4C-950F-CD74B8EEA650}.Debug|Any CPU.ActiveCfg = Debug|Any CPU
		{4BC5EF50-13FC-4C4C-950F-CD74B8EEA650}.Debug|Any CPU.Build.0 = Debug|Any CPU
		{4BC5EF50-13FC-4C4C-950F-CD74B8EEA650}.Release|Any CPU.ActiveCfg = Release|Any CPU
		{4BC5EF50-13FC-4C4C-950F-CD74B8EEA650}.Release|Any CPU.Build.0 = Release|Any CPU
		{E0425284-898C-4A90-B83F-3ED452520577}.Debug|Any CPU.ActiveCfg = Debug|Any CPU
		{E0425284-898C-4A90-B83F-3ED452520577}.Debug|Any CPU.Build.0 = Debug|Any CPU
		{E0425284-898C-4A90-B83F-3ED452520577}.Release|Any CPU.ActiveCfg = Release|Any CPU
		{E0425284-898C-4A90-B83F-3ED452520577}.Release|Any CPU.Build.0 = Release|Any CPU
		{D2A1A6E2-E599-4DAB-B92B-8BF417216DD2}.Debug|Any CPU.ActiveCfg = Debug|Any CPU
		{D2A1A6E2-E599-4DAB-B92B-8BF417216DD2}.Debug|Any CPU.Build.0 = Debug|Any CPU
		{D2A1A6E2-E599-4DAB-B92B-8BF417216DD2}.Release|Any CPU.ActiveCfg = Release|Any CPU
		{D2A1A6E2-E599-4DAB-B92B-8BF417216DD2}.Release|Any CPU.Build.0 = Release|Any CPU
	EndGlobalSection
	GlobalSection(SolutionProperties) = preSolution
		HideSolutionNode = FALSE
	EndGlobalSection
	GlobalSection(ExtensibilityGlobals) = postSolution
		SolutionGuid = {DD4FB377-171A-4091-AD2C-AD2C51D4F953}
	EndGlobalSection
EndGlobal
